
Microsoft Visual Studio Solution File, Format Version 12.00
# Visual Studio 14
VisualStudioVersion = 14.0.25123.0
MinimumVisualStudioVersion = 10.0.40219.1
Project("{8BC9CEB8-8B4A-11D0-8D11-00A0C91BC942}") = "libimobiledevice", "libimobiledevice\libimobiledevice.vcxproj", "{B09B285D-B28F-4037-ABD4-ECB2E53E86A8}"
EndProject
Project("{8BC9CEB8-8B4A-11D0-8D11-00A0C91BC942}") = "libplist", "libplist\libplist.vcxproj", "{0D5373DD-AC55-4787-B282-9FFA6BB53DAE}"
EndProject
Project("{8BC9CEB8-8B4A-11D0-8D11-00A0C91BC942}") = "libusbmuxd", "libusbmuxd\libusbmuxd.vcxproj", "{8C69353A-38FA-4BD5-A250-7BC283385552}"
EndProject
Project("{8BC9CEB8-8B4A-11D0-8D11-00A0C91BC942}") = "IOSBridge", "IOSBridge\IOSBridge.vcxproj", "{552BBB7B-1CC3-41FB-B381-6D2F7E49A838}"
EndProject
Project("{2150E333-8FDC-42A3-9474-1A3956D46DE8}") = "3Party", "3Party", "{CD9D6327-72B0-4CFC-A97E-C5030240D623}"
EndProject
Project("{8BC9CEB8-8B4A-11D0-8D11-00A0C91BC942}") = "libcnary", "libplist\libcnary\libcnary.vcxproj", "{69CDCB06-C62E-45F6-9E2B-4313C228F957}"
EndProject
Project("{2150E333-8FDC-42A3-9474-1A3956D46DE8}") = "openssl", "openssl", "{4E676224-57F1-4E01-B5A5-46DEAEFC4445}"
EndProject
Project("{2150E333-8FDC-42A3-9474-1A3956D46DE8}") = "tools", "tools", "{F53D3AA9-BE8E-4575-9F14-4942AC917A12}"
EndProject
Project("{8BC9CEB8-8B4A-11D0-8D11-00A0C91BC942}") = "idevicescreenshot", "idevicescreenshot\idevicescreenshot.vcxproj", "{31D9628A-FFB8-45D9-A8C0-E44D57602C58}"
EndProject
Project("{8BC9CEB8-8B4A-11D0-8D11-00A0C91BC942}") = "libeay32", "3Party\openssl\libeay32.vcxproj", "{95B0E8AA-ADE5-42EA-85EB-D6D5E69F0697}"
EndProject
Project("{8BC9CEB8-8B4A-11D0-8D11-00A0C91BC942}") = "ssleay32", "3Party\openssl\ssleay32.vcxproj", "{14FF6EC6-6187-4C8F-9D61-73241A1A1708}"
EndProject
Project("{8BC9CEB8-8B4A-11D0-8D11-00A0C91BC942}") = "getopt", "3Party\getopt\getopt.vcxproj", "{1C06E1E0-3FF7-4DAF-A9BA-7C8E2FA11B03}"
EndProject
Project("{8BC9CEB8-8B4A-11D0-8D11-00A0C91BC942}") = "libiconv", "3Party\libiconv\libiconv.vcxproj", "{0788DB65-CD86-4A0D-A245-F29C0114373B}"
EndProject
Project("{8BC9CEB8-8B4A-11D0-8D11-00A0C91BC942}") = "libxml2", "3Party\libxml\libxml2.vcxproj", "{1D6039F6-5078-416F-A3AF-A36EFC7E6A1C}"
EndProject
Project("{8BC9CEB8-8B4A-11D0-8D11-00A0C91BC942}") = "socket", "3Party\socket\socket.vcxproj", "{6868442D-4090-4022-8BD0-49446B1C249F}"
EndProject
Project("{8BC9CEB8-8B4A-11D0-8D11-00A0C91BC942}") = "thread", "3Party\thread\thread.vcxproj", "{D945F0CD-6C29-47DC-8687-18A06CF7502E}"
EndProject
Global
	GlobalSection(SolutionConfigurationPlatforms) = preSolution
		Debug|x64 = Debug|x64
		Debug|x86 = Debug|x86
		Release|x64 = Release|x64
		Release|x86 = Release|x86
	EndGlobalSection
	GlobalSection(ProjectConfigurationPlatforms) = postSolution
		{B09B285D-B28F-4037-ABD4-ECB2E53E86A8}.Debug|x64.ActiveCfg = Debug|x64
		{B09B285D-B28F-4037-ABD4-ECB2E53E86A8}.Debug|x64.Build.0 = Debug|x64
		{B09B285D-B28F-4037-ABD4-ECB2E53E86A8}.Debug|x86.ActiveCfg = Debug|Win32
		{B09B285D-B28F-4037-ABD4-ECB2E53E86A8}.Debug|x86.Build.0 = Debug|Win32
		{B09B285D-B28F-4037-ABD4-ECB2E53E86A8}.Release|x64.ActiveCfg = Release|x64
		{B09B285D-B28F-4037-ABD4-ECB2E53E86A8}.Release|x64.Build.0 = Release|x64
		{B09B285D-B28F-4037-ABD4-ECB2E53E86A8}.Release|x86.ActiveCfg = Release|Win32
		{B09B285D-B28F-4037-ABD4-ECB2E53E86A8}.Release|x86.Build.0 = Release|Win32
		{0D5373DD-AC55-4787-B282-9FFA6BB53DAE}.Debug|x64.ActiveCfg = Debug|x64
		{0D5373DD-AC55-4787-B282-9FFA6BB53DAE}.Debug|x64.Build.0 = Debug|x64
		{0D5373DD-AC55-4787-B282-9FFA6BB53DAE}.Debug|x86.ActiveCfg = Debug|Win32
		{0D5373DD-AC55-4787-B282-9FFA6BB53DAE}.Debug|x86.Build.0 = Debug|Win32
		{0D5373DD-AC55-4787-B282-9FFA6BB53DAE}.Release|x64.ActiveCfg = Release|x64
		{0D5373DD-AC55-4787-B282-9FFA6BB53DAE}.Release|x64.Build.0 = Release|x64
		{0D5373DD-AC55-4787-B282-9FFA6BB53DAE}.Release|x86.ActiveCfg = Release|Win32
		{0D5373DD-AC55-4787-B282-9FFA6BB53DAE}.Release|x86.Build.0 = Release|Win32
		{8C69353A-38FA-4BD5-A250-7BC283385552}.Debug|x64.ActiveCfg = Debug|x64
		{8C69353A-38FA-4BD5-A250-7BC283385552}.Debug|x64.Build.0 = Debug|x64
		{8C69353A-38FA-4BD5-A250-7BC283385552}.Debug|x86.ActiveCfg = Debug|Win32
		{8C69353A-38FA-4BD5-A250-7BC283385552}.Debug|x86.Build.0 = Debug|Win32
		{8C69353A-38FA-4BD5-A250-7BC283385552}.Release|x64.ActiveCfg = Release|x64
		{8C69353A-38FA-4BD5-A250-7BC283385552}.Release|x64.Build.0 = Release|x64
		{8C69353A-38FA-4BD5-A250-7BC283385552}.Release|x86.ActiveCfg = Release|Win32
		{8C69353A-38FA-4BD5-A250-7BC283385552}.Release|x86.Build.0 = Release|Win32
		{552BBB7B-1CC3-41FB-B381-6D2F7E49A838}.Debug|x64.ActiveCfg = Debug|x64
		{552BBB7B-1CC3-41FB-B381-6D2F7E49A838}.Debug|x64.Build.0 = Debug|x64
		{552BBB7B-1CC3-41FB-B381-6D2F7E49A838}.Debug|x86.ActiveCfg = Debug|Win32
		{552BBB7B-1CC3-41FB-B381-6D2F7E49A838}.Debug|x86.Build.0 = Debug|Win32
		{552BBB7B-1CC3-41FB-B381-6D2F7E49A838}.Release|x64.ActiveCfg = Release|x64
		{552BBB7B-1CC3-41FB-B381-6D2F7E49A838}.Release|x64.Build.0 = Release|x64
		{552BBB7B-1CC3-41FB-B381-6D2F7E49A838}.Release|x86.ActiveCfg = Release|Win32
		{552BBB7B-1CC3-41FB-B381-6D2F7E49A838}.Release|x86.Build.0 = Release|Win32
		{69CDCB06-C62E-45F6-9E2B-4313C228F957}.Debug|x64.ActiveCfg = Debug|x64
		{69CDCB06-C62E-45F6-9E2B-4313C228F957}.Debug|x64.Build.0 = Debug|x64
		{69CDCB06-C62E-45F6-9E2B-4313C228F957}.Debug|x86.ActiveCfg = Debug|Win32
		{69CDCB06-C62E-45F6-9E2B-4313C228F957}.Debug|x86.Build.0 = Debug|Win32
		{69CDCB06-C62E-45F6-9E2B-4313C228F957}.Release|x64.ActiveCfg = Release|x64
		{69CDCB06-C62E-45F6-9E2B-4313C228F957}.Release|x64.Build.0 = Release|x64
		{69CDCB06-C62E-45F6-9E2B-4313C228F957}.Release|x86.ActiveCfg = Release|Win32
		{69CDCB06-C62E-45F6-9E2B-4313C228F957}.Release|x86.Build.0 = Release|Win32
		{31D9628A-FFB8-45D9-A8C0-E44D57602C58}.Debug|x64.ActiveCfg = Debug|x64
		{31D9628A-FFB8-45D9-A8C0-E44D57602C58}.Debug|x64.Build.0 = Debug|x64
		{31D9628A-FFB8-45D9-A8C0-E44D57602C58}.Debug|x86.ActiveCfg = Debug|Win32
		{31D9628A-FFB8-45D9-A8C0-E44D57602C58}.Debug|x86.Build.0 = Debug|Win32
		{31D9628A-FFB8-45D9-A8C0-E44D57602C58}.Release|x64.ActiveCfg = Release|x64
		{31D9628A-FFB8-45D9-A8C0-E44D57602C58}.Release|x64.Build.0 = Release|x64
		{31D9628A-FFB8-45D9-A8C0-E44D57602C58}.Release|x86.ActiveCfg = Release|Win32
		{31D9628A-FFB8-45D9-A8C0-E44D57602C58}.Release|x86.Build.0 = Release|Win32
		{95B0E8AA-ADE5-42EA-85EB-D6D5E69F0697}.Debug|x64.ActiveCfg = Debug|Win32
		{95B0E8AA-ADE5-42EA-85EB-D6D5E69F0697}.Debug|x86.ActiveCfg = Debug|Win32
		{95B0E8AA-ADE5-42EA-85EB-D6D5E69F0697}.Debug|x86.Build.0 = Debug|Win32
		{95B0E8AA-ADE5-42EA-85EB-D6D5E69F0697}.Release|x64.ActiveCfg = Release|Win32
		{95B0E8AA-ADE5-42EA-85EB-D6D5E69F0697}.Release|x86.ActiveCfg = Release|Win32
		{95B0E8AA-ADE5-42EA-85EB-D6D5E69F0697}.Release|x86.Build.0 = Release|Win32
		{14FF6EC6-6187-4C8F-9D61-73241A1A1708}.Debug|x64.ActiveCfg = Debug|Win32
		{14FF6EC6-6187-4C8F-9D61-73241A1A1708}.Debug|x86.ActiveCfg = Debug|Win32
		{14FF6EC6-6187-4C8F-9D61-73241A1A1708}.Debug|x86.Build.0 = Debug|Win32
		{14FF6EC6-6187-4C8F-9D61-73241A1A1708}.Release|x64.ActiveCfg = Release|Win32
		{14FF6EC6-6187-4C8F-9D61-73241A1A1708}.Release|x86.ActiveCfg = Release|Win32
		{14FF6EC6-6187-4C8F-9D61-73241A1A1708}.Release|x86.Build.0 = Release|Win32
		{1C06E1E0-3FF7-4DAF-A9BA-7C8E2FA11B03}.Debug|x64.ActiveCfg = Debug|x64
		{1C06E1E0-3FF7-4DAF-A9BA-7C8E2FA11B03}.Debug|x64.Build.0 = Debug|x64
		{1C06E1E0-3FF7-4DAF-A9BA-7C8E2FA11B03}.Debug|x86.ActiveCfg = Debug|Win32
		{1C06E1E0-3FF7-4DAF-A9BA-7C8E2FA11B03}.Debug|x86.Build.0 = Debug|Win32
		{1C06E1E0-3FF7-4DAF-A9BA-7C8E2FA11B03}.Release|x64.ActiveCfg = Release|x64
		{1C06E1E0-3FF7-4DAF-A9BA-7C8E2FA11B03}.Release|x64.Build.0 = Release|x64
		{1C06E1E0-3FF7-4DAF-A9BA-7C8E2FA11B03}.Release|x86.ActiveCfg = Release|Win32
		{1C06E1E0-3FF7-4DAF-A9BA-7C8E2FA11B03}.Release|x86.Build.0 = Release|Win32
		{0788DB65-CD86-4A0D-A245-F29C0114373B}.Debug|x64.ActiveCfg = Debug|x64
		{0788DB65-CD86-4A0D-A245-F29C0114373B}.Debug|x64.Build.0 = Debug|x64
		{0788DB65-CD86-4A0D-A245-F29C0114373B}.Debug|x86.ActiveCfg = Debug|Win32
		{0788DB65-CD86-4A0D-A245-F29C0114373B}.Debug|x86.Build.0 = Debug|Win32
		{0788DB65-CD86-4A0D-A245-F29C0114373B}.Release|x64.ActiveCfg = Release|x64
		{0788DB65-CD86-4A0D-A245-F29C0114373B}.Release|x64.Build.0 = Release|x64
		{0788DB65-CD86-4A0D-A245-F29C0114373B}.Release|x86.ActiveCfg = Release|Win32
		{0788DB65-CD86-4A0D-A245-F29C0114373B}.Release|x86.Build.0 = Release|Win32
		{1D6039F6-5078-416F-A3AF-A36EFC7E6A1C}.Debug|x64.ActiveCfg = Debug|x64
		{1D6039F6-5078-416F-A3AF-A36EFC7E6A1C}.Debug|x64.Build.0 = Debug|x64
		{1D6039F6-5078-416F-A3AF-A36EFC7E6A1C}.Debug|x86.ActiveCfg = Debug|Win32
		{1D6039F6-5078-416F-A3AF-A36EFC7E6A1C}.Debug|x86.Build.0 = Debug|Win32
		{1D6039F6-5078-416F-A3AF-A36EFC7E6A1C}.Release|x64.ActiveCfg = Release|x64
		{1D6039F6-5078-416F-A3AF-A36EFC7E6A1C}.Release|x64.Build.0 = Release|x64
		{1D6039F6-5078-416F-A3AF-A36EFC7E6A1C}.Release|x86.ActiveCfg = Release|Win32
		{1D6039F6-5078-416F-A3AF-A36EFC7E6A1C}.Release|x86.Build.0 = Release|Win32
		{6868442D-4090-4022-8BD0-49446B1C249F}.Debug|x64.ActiveCfg = Debug|x64
		{6868442D-4090-4022-8BD0-49446B1C249F}.Debug|x64.Build.0 = Debug|x64
		{6868442D-4090-4022-8BD0-49446B1C249F}.Debug|x86.ActiveCfg = Debug|Win32
		{6868442D-4090-4022-8BD0-49446B1C249F}.Debug|x86.Build.0 = Debug|Win32
		{6868442D-4090-4022-8BD0-49446B1C249F}.Release|x64.ActiveCfg = Release|x64
		{6868442D-4090-4022-8BD0-49446B1C249F}.Release|x64.Build.0 = Release|x64
		{6868442D-4090-4022-8BD0-49446B1C249F}.Release|x86.ActiveCfg = Release|Win32
		{6868442D-4090-4022-8BD0-49446B1C249F}.Release|x86.Build.0 = Release|Win32
		{D945F0CD-6C29-47DC-8687-18A06CF7502E}.Debug|x64.ActiveCfg = Debug|x64
		{D945F0CD-6C29-47DC-8687-18A06CF7502E}.Debug|x64.Build.0 = Debug|x64
		{D945F0CD-6C29-47DC-8687-18A06CF7502E}.Debug|x86.ActiveCfg = Debug|Win32
		{D945F0CD-6C29-47DC-8687-18A06CF7502E}.Debug|x86.Build.0 = Debug|Win32
		{D945F0CD-6C29-47DC-8687-18A06CF7502E}.Release|x64.ActiveCfg = Release|x64
		{D945F0CD-6C29-47DC-8687-18A06CF7502E}.Release|x64.Build.0 = Release|x64
		{D945F0CD-6C29-47DC-8687-18A06CF7502E}.Release|x86.ActiveCfg = Release|Win32
		{D945F0CD-6C29-47DC-8687-18A06CF7502E}.Release|x86.Build.0 = Release|Win32
	EndGlobalSection
	GlobalSection(SolutionProperties) = preSolution
		HideSolutionNode = FALSE
	EndGlobalSection
	GlobalSection(NestedProjects) = preSolution
		{4E676224-57F1-4E01-B5A5-46DEAEFC4445} = {CD9D6327-72B0-4CFC-A97E-C5030240D623}
		{31D9628A-FFB8-45D9-A8C0-E44D57602C58} = {F53D3AA9-BE8E-4575-9F14-4942AC917A12}
		{95B0E8AA-ADE5-42EA-85EB-D6D5E69F0697} = {4E676224-57F1-4E01-B5A5-46DEAEFC4445}
		{14FF6EC6-6187-4C8F-9D61-73241A1A1708} = {4E676224-57F1-4E01-B5A5-46DEAEFC4445}
		{1C06E1E0-3FF7-4DAF-A9BA-7C8E2FA11B03} = {CD9D6327-72B0-4CFC-A97E-C5030240D623}
		{0788DB65-CD86-4A0D-A245-F29C0114373B} = {CD9D6327-72B0-4CFC-A97E-C5030240D623}
		{1D6039F6-5078-416F-A3AF-A36EFC7E6A1C} = {CD9D6327-72B0-4CFC-A97E-C5030240D623}
		{6868442D-4090-4022-8BD0-49446B1C249F} = {CD9D6327-72B0-4CFC-A97E-C5030240D623}
		{D945F0CD-6C29-47DC-8687-18A06CF7502E} = {CD9D6327-72B0-4CFC-A97E-C5030240D623}
	EndGlobalSection
EndGlobal
